
Microsoft Visual Studio Solution File, Format Version 12.00
# Visual Studio 15
VisualStudioVersion = 15.0.27703.2035
MinimumVisualStudioVersion = 10.0.40219.1
Project("{FAE04EC0-301F-11D3-BF4B-00C04F79EFBC}") = "OpenAssetsInVsCode", "OpenAssetsInVsCode\OpenAssetsInVsCode.csproj", "{A2AC003D-5C1A-4259-B15F-1999E63D6F31}"
EndProject
Global
	GlobalSection(SolutionConfigurationPlatforms) = preSolution
		Debug|Any CPU = Debug|Any CPU
		Release|Any CPU = Release|Any CPU
	EndGlobalSection
	GlobalSection(ProjectConfigurationPlatforms) = postSolution
		{A2AC003D-5C1A-4259-B15F-1999E63D6F31}.Debug|Any CPU.ActiveCfg = Debug|Any CPU
		{A2AC003D-5C1A-4259-B15F-1999E63D6F31}.Debug|Any CPU.Build.0 = Debug|Any CPU
		{A2AC003D-5C1A-4259-B15F-1999E63D6F31}.Release|Any CPU.ActiveCfg = Release|Any CPU
		{A2AC003D-5C1A-4259-B15F-1999E63D6F31}.Release|Any CPU.Build.0 = Release|Any CPU
	EndGlobalSection
	GlobalSection(SolutionProperties) = preSolution
		HideSolutionNode = FALSE
	EndGlobalSection
	GlobalSection(ExtensibilityGlobals) = postSolution
		SolutionGuid = {CD282C95-EA72-4C04-89E2-9AF6798C1957}
	EndGlobalSection
EndGlobal
